
Microsoft Visual Studio Solution File, Format Version 12.00
# Visual Studio Version 17
VisualStudioVersion = 17.5.33516.290
MinimumVisualStudioVersion = 10.0.40219.1
Project("{FAE04EC0-301F-11D3-BF4B-00C04F79EFBC}") = "Walking_Counter", "Walking_Counter.csproj", "{FB2E3FE7-71DA-41F0-85FB-69DC9E71422F}"
EndProject
Global
	GlobalSection(SolutionConfigurationPlatforms) = preSolution
		Debug|Any CPU = Debug|Any CPU
		Release|Any CPU = Release|Any CPU
	EndGlobalSection
	GlobalSection(ProjectConfigurationPlatforms) = postSolution
		{FB2E3FE7-71DA-41F0-85FB-69DC9E71422F}.Debug|Any CPU.ActiveCfg = Debug|Any CPU
		{FB2E3FE7-71DA-41F0-85FB-69DC9E71422F}.Debug|Any CPU.Build.0 = Debug|Any CPU
		{FB2E3FE7-71DA-41F0-85FB-69DC9E71422F}.Release|Any CPU.ActiveCfg = Release|Any CPU
		{FB2E3FE7-71DA-41F0-85FB-69DC9E71422F}.Release|Any CPU.Build.0 = Release|Any CPU
	EndGlobalSection
	GlobalSection(SolutionProperties) = preSolution
		HideSolutionNode = FALSE
	EndGlobalSection
	GlobalSection(ExtensibilityGlobals) = postSolution
		SolutionGuid = {7C24E484-C443-46A7-BD9E-E7CB5816298F}
	EndGlobalSection
EndGlobal
